<?xml version="1.0" encoding="utf-8"?>
<Project ToolsVersion="4.0" xmlns="http://schemas.microsoft.com/developer/msbuild/2003">
  <ItemGroup>
    <Filter Include="src">
      <UniqueIdentifier>{4FC737F1-C7A5-4376-A066-2A32D752A2FF}</UniqueIdentifier>
      <Extensions>h;hh;hpp;hxx;hm;inl;inc;xsd;cpp;c;cc;cxx;def;odl;idl;hpj;bat;asm;asmx</Extensions>
    </Filter>
    <Filter Include="res">
      <UniqueIdentifier>{67DA6AB6-F800-4c08-8B7A-83BB121AAD01}</UniqueIdentifier>
      <Extensions>rc;ico;cur;bmp;dlg;rc2;rct;bin;rgs;gif;jpg;jpeg;jpe;resx;tiff;tif;png;wav;mfcribbon-ms</Extensions>
    </Filter>
    <Filter Include="src\common">
      <UniqueIdentifier>{543e69d0-8c2e-4755-8b68-dc91097df654}</UniqueIdentifier>
    </Filter>
    <Filter Include="src\http_server">
      <UniqueIdentifier>{2970fc0c-ce0a-43dd-a368-1db47f26f24e}</UniqueIdentifier>
    </Filter>
    <Filter Include="src\echo_server">
      <UniqueIdentifier>{3d39e102-7ea3-4d3a-9b84-a3ea5a50e5ba}</UniqueIdentifier>
    </Filter>
  </ItemGroup>
  <ItemGroup>
    <ClCompile Include="..\..\..\src\asio\asio_echo_serv\asio_echo_serv.cpp">
      <Filter>src</Filter>
    </ClCompile>
  </ItemGroup>
  <ItemGroup>
    <ClInclude Include="..\..\..\src\asio\asio_echo_serv\io_service_pool.hpp">
      <Filter>src</Filter>
    </ClInclude>
    <ClInclude Include="..\..\..\src\asio\asio_echo_serv\common.h">
      <Filter>src</Filter>
    </ClInclude>
    <ClInclude Include="..\..\..\src\asio\asio_echo_serv\boost_asio_msvc.h">
      <Filter>src</Filter>
    </ClInclude>
    <ClInclude Include="..\..\..\src\asio\asio_echo_serv\asio_connection.hpp">
      <Filter>src</Filter>
    </ClInclude>
    <ClInclude Include="..\..\..\src\common\cmd_utils.hpp">
      <Filter>src\common</Filter>
    </ClInclude>
    <ClInclude Include="..\..\..\src\asio\asio_echo_serv\http_server\asio_http_session.hpp">
      <Filter>src\http_server</Filter>
    </ClInclude>
    <ClInclude Include="..\..\..\src\asio\asio_echo_serv\http_server\async_asio_http_server.hpp">
      <Filter>src\http_server</Filter>
    </ClInclude>
    <ClInclude Include="..\..\..\src\asio\asio_echo_serv\async_asio_echo_serv.hpp">
      <Filter>src\echo_server</Filter>
    </ClInclude>
    <ClInclude Include="..\..\..\src\asio\asio_echo_serv\async_aiso_echo_serv_ex.hpp">
      <Filter>src\echo_server</Filter>
    </ClInclude>
    <ClInclude Include="..\..\..\src\asio\asio_echo_serv\asio_session.hpp">
      <Filter>src\echo_server</Filter>
    </ClInclude>
    <ClInclude Include="..\..\..\src\common\aligned_atomic.hpp">
      <Filter>src\common</Filter>
    </ClInclude>
  </ItemGroup>
</Project>